
Microsoft Visual Studio Solution File, Format Version 12.00
# Visual Studio Version 16
VisualStudioVersion = 16.0.30717.126
MinimumVisualStudioVersion = 10.0.40219.1
Project("{9A19103F-16F7-4668-BE54-9A1E7A4F7556}") = "CoffeeShop.Application", "CoffeeShop.Application\CoffeeShop.Application.csproj", "{36F5D0FD-D630-493B-9563-264829FE27CB}"
EndProject
Project("{9A19103F-16F7-4668-BE54-9A1E7A4F7556}") = "CoffeeShop.Domain", "CoffeeShop.Domain\CoffeeShop.Domain.csproj", "{DB93133E-45E9-4DD8-A378-B7C9907A8889}"
EndProject
Project("{9A19103F-16F7-4668-BE54-9A1E7A4F7556}") = "CoffeeShop.Infrastructure", "CoffeeShop.Infrastructure\CoffeeShop.Infrastructure.csproj", "{D7BBBCFF-84BF-4D4B-9BFA-DF4809F8D5AC}"
EndProject
Project("{9A19103F-16F7-4668-BE54-9A1E7A4F7556}") = "CoffeeShop", "CoffeeShop\CoffeeShop.csproj", "{0D3917A7-012E-477F-BBD6-6CE6C0115793}"
EndProject
Global
	GlobalSection(SolutionConfigurationPlatforms) = preSolution
		Debug|Any CPU = Debug|Any CPU
		Release|Any CPU = Release|Any CPU
	EndGlobalSection
	GlobalSection(ProjectConfigurationPlatforms) = postSolution
		{36F5D0FD-D630-493B-9563-264829FE27CB}.Debug|Any CPU.ActiveCfg = Debug|Any CPU
		{36F5D0FD-D630-493B-9563-264829FE27CB}.Debug|Any CPU.Build.0 = Debug|Any CPU
		{36F5D0FD-D630-493B-9563-264829FE27CB}.Release|Any CPU.ActiveCfg = Release|Any CPU
		{36F5D0FD-D630-493B-9563-264829FE27CB}.Release|Any CPU.Build.0 = Release|Any CPU
		{DB93133E-45E9-4DD8-A378-B7C9907A8889}.Debug|Any CPU.ActiveCfg = Debug|Any CPU
		{DB93133E-45E9-4DD8-A378-B7C9907A8889}.Debug|Any CPU.Build.0 = Debug|Any CPU
		{DB93133E-45E9-4DD8-A378-B7C9907A8889}.Release|Any CPU.ActiveCfg = Release|Any CPU
		{DB93133E-45E9-4DD8-A378-B7C9907A8889}.Release|Any CPU.Build.0 = Release|Any CPU
		{D7BBBCFF-84BF-4D4B-9BFA-DF4809F8D5AC}.Debug|Any CPU.ActiveCfg = Debug|Any CPU
		{D7BBBCFF-84BF-4D4B-9BFA-DF4809F8D5AC}.Debug|Any CPU.Build.0 = Debug|Any CPU
		{D7BBBCFF-84BF-4D4B-9BFA-DF4809F8D5AC}.Release|Any CPU.ActiveCfg = Release|Any CPU
		{D7BBBCFF-84BF-4D4B-9BFA-DF4809F8D5AC}.Release|Any CPU.Build.0 = Release|Any CPU
		{0D3917A7-012E-477F-BBD6-6CE6C0115793}.Debug|Any CPU.ActiveCfg = Debug|Any CPU
		{0D3917A7-012E-477F-BBD6-6CE6C0115793}.Debug|Any CPU.Build.0 = Debug|Any CPU
		{0D3917A7-012E-477F-BBD6-6CE6C0115793}.Release|Any CPU.ActiveCfg = Release|Any CPU
		{0D3917A7-012E-477F-BBD6-6CE6C0115793}.Release|Any CPU.Build.0 = Release|Any CPU
	EndGlobalSection
	GlobalSection(SolutionProperties) = preSolution
		HideSolutionNode = FALSE
	EndGlobalSection
	GlobalSection(ExtensibilityGlobals) = postSolution
		SolutionGuid = {132CBD98-5E60-435C-B287-6F9E3CEB8F24}
	EndGlobalSection
EndGlobal
